
Microsoft Visual Studio Solution File, Format Version 12.00
# Visual Studio Version 16
VisualStudioVersion = 16.0.30717.126
MinimumVisualStudioVersion = 10.0.40219.1
Project("{FAE04EC0-301F-11D3-BF4B-00C04F79EFBC}") = "ProductManagementApi", "ProductManagementApi\ProductManagementApi.csproj", "{A069373A-7B54-4257-9CF5-C716D0C6A6E2}"
EndProject
Project("{FAE04EC0-301F-11D3-BF4B-00C04F79EFBC}") = "ProductManagementWebApp", "ProductManagementWebApp\ProductManagementWebApp.csproj", "{C677F9CC-E24B-4D91-B58F-60A8F60BFE74}"
EndProject
Global
	GlobalSection(SolutionConfigurationPlatforms) = preSolution
		Debug|Any CPU = Debug|Any CPU
		Release|Any CPU = Release|Any CPU
	EndGlobalSection
	GlobalSection(ProjectConfigurationPlatforms) = postSolution
		{A069373A-7B54-4257-9CF5-C716D0C6A6E2}.Debug|Any CPU.ActiveCfg = Debug|Any CPU
		{A069373A-7B54-4257-9CF5-C716D0C6A6E2}.Debug|Any CPU.Build.0 = Debug|Any CPU
		{A069373A-7B54-4257-9CF5-C716D0C6A6E2}.Release|Any CPU.ActiveCfg = Release|Any CPU
		{A069373A-7B54-4257-9CF5-C716D0C6A6E2}.Release|Any CPU.Build.0 = Release|Any CPU
		{C677F9CC-E24B-4D91-B58F-60A8F60BFE74}.Debug|Any CPU.ActiveCfg = Debug|Any CPU
		{C677F9CC-E24B-4D91-B58F-60A8F60BFE74}.Debug|Any CPU.Build.0 = Debug|Any CPU
		{C677F9CC-E24B-4D91-B58F-60A8F60BFE74}.Release|Any CPU.ActiveCfg = Release|Any CPU
		{C677F9CC-E24B-4D91-B58F-60A8F60BFE74}.Release|Any CPU.Build.0 = Release|Any CPU
	EndGlobalSection
	GlobalSection(SolutionProperties) = preSolution
		HideSolutionNode = FALSE
	EndGlobalSection
	GlobalSection(ExtensibilityGlobals) = postSolution
		SolutionGuid = {37BC1AD8-BE80-4287-AB0B-04F3DA3B7F5F}
	EndGlobalSection
EndGlobal
